
Microsoft Visual Studio Solution File, Format Version 12.00
# Visual Studio Version 16
VisualStudioVersion = 16.0.31702.278
MinimumVisualStudioVersion = 10.0.40219.1
Project("{9A19103F-16F7-4668-BE54-9A1E7A4F7556}") = "TestProj", "TestProj.csproj", "{1390903E-534F-4431-92E0-1C75B8347614}"
EndProject
Project("{9A19103F-16F7-4668-BE54-9A1E7A4F7556}") = "Logger", "..\Logger\Logger.csproj", "{E532954E-5BC6-40B5-B9A4-250A4D35CCF1}"
EndProject
Project("{FAE04EC0-301F-11D3-BF4B-00C04F79EFBC}") = "Congratulater", "..\Congratulater\Congratulater.csproj", "{E0FA2F27-A3E5-4FD7-A597-DA9B8B949A84}"
EndProject
Global
	GlobalSection(SolutionConfigurationPlatforms) = preSolution
		Debug|Any CPU = Debug|Any CPU
		Release|Any CPU = Release|Any CPU
	EndGlobalSection
	GlobalSection(ProjectConfigurationPlatforms) = postSolution
		{1390903E-534F-4431-92E0-1C75B8347614}.Debug|Any CPU.ActiveCfg = Debug|Any CPU
		{1390903E-534F-4431-92E0-1C75B8347614}.Debug|Any CPU.Build.0 = Debug|Any CPU
		{1390903E-534F-4431-92E0-1C75B8347614}.Release|Any CPU.ActiveCfg = Release|Any CPU
		{1390903E-534F-4431-92E0-1C75B8347614}.Release|Any CPU.Build.0 = Release|Any CPU
		{E532954E-5BC6-40B5-B9A4-250A4D35CCF1}.Debug|Any CPU.ActiveCfg = Debug|Any CPU
		{E532954E-5BC6-40B5-B9A4-250A4D35CCF1}.Debug|Any CPU.Build.0 = Debug|Any CPU
		{E532954E-5BC6-40B5-B9A4-250A4D35CCF1}.Release|Any CPU.ActiveCfg = Release|Any CPU
		{E532954E-5BC6-40B5-B9A4-250A4D35CCF1}.Release|Any CPU.Build.0 = Release|Any CPU
		{E0FA2F27-A3E5-4FD7-A597-DA9B8B949A84}.Debug|Any CPU.ActiveCfg = Debug|Any CPU
		{E0FA2F27-A3E5-4FD7-A597-DA9B8B949A84}.Debug|Any CPU.Build.0 = Debug|Any CPU
		{E0FA2F27-A3E5-4FD7-A597-DA9B8B949A84}.Release|Any CPU.ActiveCfg = Release|Any CPU
		{E0FA2F27-A3E5-4FD7-A597-DA9B8B949A84}.Release|Any CPU.Build.0 = Release|Any CPU
	EndGlobalSection
	GlobalSection(SolutionProperties) = preSolution
		HideSolutionNode = FALSE
	EndGlobalSection
	GlobalSection(ExtensibilityGlobals) = postSolution
		SolutionGuid = {550F6F7E-A232-4ED9-B79B-895D3258B87A}
	EndGlobalSection
EndGlobal
